// !$*UTF8*$!
{
	archiveVersion = 1;
	classes = {
	};
	objectVersion = 48;
	objects = {

/* Begin PBXBuildFile section */
		33C005A12013430100888C8D /* AppDelegate.m in Sources */ = {isa = PBXBuildFile; fileRef = 33C005A02013430100888C8D /* AppDelegate.m */; };
		33C005A42013430100888C8D /* ViewController.m in Sources */ = {isa = PBXBuildFile; fileRef = 33C005A32013430100888C8D /* ViewController.m */; };
		33C005A72013430100888C8D /* Main.storyboard in Resources */ = {isa = PBXBuildFile; fileRef = 33C005A52013430100888C8D /* Main.storyboard */; };
		33C005A92013430100888C8D /* Assets.xcassets in Resources */ = {isa = PBXBuildFile; fileRef = 33C005A82013430100888C8D /* Assets.xcassets */; };
		33C005AC2013430100888C8D /* LaunchScreen.storyboard in Resources */ = {isa = PBXBuildFile; fileRef = 33C005AA2013430100888C8D /* LaunchScreen.storyboard */; };
		33C005AF2013430100888C8D /* main.m in Sources */ = {isa = PBXBuildFile; fileRef = 33C005AE2013430100888C8D /* main.m */; };
		33C005B92013430100888C8D /* testTests.m in Sources */ = {isa = PBXBuildFile; fileRef = 33C005B82013430100888C8D /* testTests.m */; };
		33C005C42013430100888C8D /* testUITests.m in Sources */ = {isa = PBXBuildFile; fileRef = 33C005C32013430100888C8D /* testUITests.m */; };
		33C005D320134A6C00888C8D /* Name.m in Sources */ = {isa = PBXBuildFile; fileRef = 33C005D220134A6C00888C8D /* Name.m */; };
/* End PBXBuildFile section */

/* Begin PBXContainerItemProxy section */
		33C005B52013430100888C8D /* PBXContainerItemProxy */ = {
			isa = PBXContainerItemProxy;
			containerPortal = 33C005942013430100888C8D /* Project object */;
			proxyType = 1;
			remoteGlobalIDString = 33C0059B2013430100888C8D;
			remoteInfo = test;
		};
		33C005C02013430100888C8D /* PBXContainerItemProxy */ = {
			isa = PBXContainerItemProxy;
			containerPortal = 33C005942013430100888C8D /* Project object */;
			proxyType = 1;
			remoteGlobalIDString = 33C0059B2013430100888C8D;
			remoteInfo = test;
		};
/* End PBXContainerItemProxy section */

/* Begin PBXFileReference section */
		33C0059C2013430100888C8D /* test.app */ = {isa = PBXFileReference; explicitFileType = wrapper.application; includeInIndex = 0; path = test.app; sourceTree = BUILT_PRODUCTS_DIR; };
		33C0059F2013430100888C8D /* AppDelegate.h */ = {isa = PBXFileReference; lastKnownFileType = sourcecode.c.h; path = AppDelegate.h; sourceTree = "<group>"; };
		33C005A02013430100888C8D /* AppDelegate.m */ = {isa = PBXFileReference; lastKnownFileType = sourcecode.c.objc; path = AppDelegate.m; sourceTree = "<group>"; };
		33C005A22013430100888C8D /* ViewController.h */ = {isa = PBXFileReference; lastKnownFileType = sourcecode.c.h; path = ViewController.h; sourceTree = "<group>"; };
		33C005A32013430100888C8D /* ViewController.m */ = {isa = PBXFileReference; lastKnownFileType = sourcecode.c.objc; path = ViewController.m; sourceTree = "<group>"; };
		33C005A62013430100888C8D /* Base */ = {isa = PBXFileReference; lastKnownFileType = file.storyboard; name = Base; path = Base.lproj/Main.storyboard; sourceTree = "<group>"; };
		33C005A82013430100888C8D /* Assets.xcassets */ = {isa = PBXFileReference; lastKnownFileType = folder.assetcatalog; path = Assets.xcassets; sourceTree = "<group>"; };
		33C005AB2013430100888C8D /* Base */ = {isa = PBXFileReference; lastKnownFileType = file.storyboard; name = Base; path = Base.lproj/LaunchScreen.storyboard; sourceTree = "<group>"; };
		33C005AD2013430100888C8D /* Info.plist */ = {isa = PBXFileReference; lastKnownFileType = text.plist.xml; path = Info.plist; sourceTree = "<group>"; };
		33C005AE2013430100888C8D /* main.m */ = {isa = PBXFileReference; lastKnownFileType = sourcecode.c.objc; path = main.m; sourceTree = "<group>"; };
		33C005B42013430100888C8D /* testTests.xctest */ = {isa = PBXFileReference; explicitFileType = wrapper.cfbundle; includeInIndex = 0; path = testTests.xctest; sourceTree = BUILT_PRODUCTS_DIR; };
		33C005B82013430100888C8D /* testTests.m */ = {isa = PBXFileReference; lastKnownFileType = sourcecode.c.objc; path = testTests.m; sourceTree = "<group>"; };
		33C005BA2013430100888C8D /* Info.plist */ = {isa = PBXFileReference; lastKnownFileType = text.plist.xml; path = Info.plist; sourceTree = "<group>"; };
		33C005BF2013430100888C8D /* testUITests.xctest */ = {isa = PBXFileReference; explicitFileType = wrapper.cfbundle; includeInIndex = 0; path = testUITests.xctest; sourceTree = BUILT_PRODUCTS_DIR; };
		33C005C32013430100888C8D /* testUITests.m */ = {isa = PBXFileReference; lastKnownFileType = sourcecode.c.objc; path = testUITests.m; sourceTree = "<group>"; };
		33C005C52013430100888C8D /* Info.plist */ = {isa = PBXFileReference; lastKnownFileType = text.plist.xml; path = Info.plist; sourceTree = "<group>"; };
		33C005D120134A6C00888C8D /* Name.h */ = {isa = PBXFileReference; lastKnownFileType = sourcecode.c.h; path = Name.h; sourceTree = "<group>"; };
		33C005D220134A6C00888C8D /* Name.m */ = {isa = PBXFileReference; lastKnownFileType = sourcecode.c.objc; path = Name.m; sourceTree = "<group>"; };
/* End PBXFileReference section */

/* Begin PBXFrameworksBuildPhase section */
		33C005992013430100888C8D /* Frameworks */ = {
			isa = PBXFrameworksBuildPhase;
			buildActionMask = 2147483647;
			files = (
			);
			runOnlyForDeploymentPostprocessing = 0;
		};
		33C005B12013430100888C8D /* Frameworks */ = {
			isa = PBXFrameworksBuildPhase;
			buildActionMask = 2147483647;
			files = (
			);
			runOnlyForDeploymentPostprocessing = 0;
		};
		33C005BC2013430100888C8D /* Frameworks */ = {
			isa = PBXFrameworksBuildPhase;
			buildActionMask = 2147483647;
			files = (
			);
			runOnlyForDeploymentPostprocessing = 0;
		};
/* End PBXFrameworksBuildPhase section */

/* Begin PBXGroup section */
		33C005932013430100888C8D = {
			isa = PBXGroup;
			children = (
				33C0059E2013430100888C8D /* test */,
				33C005B72013430100888C8D /* testTests */,
				33C005C22013430100888C8D /* testUITests */,
				33C0059D2013430100888C8D /* Products */,
			);
			sourceTree = "<group>";
		};
		33C0059D2013430100888C8D /* Products */ = {
			isa = PBXGroup;
			children = (
				33C0059C2013430100888C8D /* test.app */,
				33C005B42013430100888C8D /* testTests.xctest */,
				33C005BF2013430100888C8D /* testUITests.xctest */,
			);
			name = Products;
			sourceTree = "<group>";
		};
		33C0059E2013430100888C8D /* test */ = {
			isa = PBXGroup;
			children = (
				33C0059F2013430100888C8D /* AppDelegate.h */,
				33C005A02013430100888C8D /* AppDelegate.m */,
				33C005A22013430100888C8D /* ViewController.h */,
				33C005A32013430100888C8D /* ViewController.m */,
				33C005D120134A6C00888C8D /* Name.h */,
				33C005D220134A6C00888C8D /* Name.m */,
				33C005A52013430100888C8D /* Main.storyboard */,
				33C005A82013430100888C8D /* Assets.xcassets */,
				33C005AA2013430100888C8D /* LaunchScreen.storyboard */,
				33C005AD2013430100888C8D /* Info.plist */,
				33C005AE2013430100888C8D /* main.m */,
			);
			path = test;
			sourceTree = "<group>";
		};
		33C005B72013430100888C8D /* testTests */ = {
			isa = PBXGroup;
			children = (
				33C005B82013430100888C8D /* testTests.m */,
				33C005BA2013430100888C8D /* Info.plist */,
			);
			path = testTests;
			sourceTree = "<group>";
		};
		33C005C22013430100888C8D /* testUITests */ = {
			isa = PBXGroup;
			children = (
				33C005C32013430100888C8D /* testUITests.m */,
				33C005C52013430100888C8D /* Info.plist */,
			);
			path = testUITests;
			sourceTree = "<group>";
		};
/* End PBXGroup section */

/* Begin PBXNativeTarget section */
		33C0059B2013430100888C8D /* test */ = {
			isa = PBXNativeTarget;
			buildConfigurationList = 33C005C82013430100888C8D /* Build configuration list for PBXNativeTarget "test" */;
			buildPhases = (
				33C005982013430100888C8D /* Sources */,
				33C005992013430100888C8D /* Frameworks */,
				33C0059A2013430100888C8D /* Resources */,
			);
			buildRules = (
			);
			dependencies = (
			);
			name = test;
			productName = test;
			productReference = 33C0059C2013430100888C8D /* test.app */;
			productType = "com.apple.product-type.application";
		};
		33C005B32013430100888C8D /* testTests */ = {
			isa = PBXNativeTarget;
			buildConfigurationList = 33C005CB2013430100888C8D /* Build configuration list for PBXNativeTarget "testTests" */;
			buildPhases = (
				33C005B02013430100888C8D /* Sources */,
				33C005B12013430100888C8D /* Frameworks */,
				33C005B22013430100888C8D /* Resources */,
			);
			buildRules = (
			);
			dependencies = (
				33C005B62013430100888C8D /* PBXTargetDependency */,
			);
			name = testTests;
			productName = testTests;
			productReference = 33C005B42013430100888C8D /* testTests.xctest */;
			productType = "com.apple.product-type.bundle.unit-test";
		};
		33C005BE2013430100888C8D /* testUITests */ = {
			isa = PBXNativeTarget;
			buildConfigurationList = 33C005CE2013430100888C8D /* Build configuration list for PBXNativeTarget "testUITests" */;
			buildPhases = (
				33C005BB2013430100888C8D /* Sources */,
				33C005BC2013430100888C8D /* Frameworks */,
				33C005BD2013430100888C8D /* Resources */,
			);
			buildRules = (
			);
			dependencies = (
				33C005C12013430100888C8D /* PBXTargetDependency */,
			);
			name = testUITests;
			productName = testUITests;
			productReference = 33C005BF2013430100888C8D /* testUITests.xctest */;
			productType = "com.apple.product-type.bundle.ui-testing";
		};
/* End PBXNativeTarget section */

/* Begin PBXProject section */
		33C005942013430100888C8D /* Project object */ = {
			isa = PBXProject;
			attributes = {
				LastUpgradeCheck = 0920;
				ORGANIZATIONNAME = "chen chen";
				TargetAttributes = {
					33C0059B2013430100888C8D = {
						CreatedOnToolsVersion = 9.2;
						ProvisioningStyle = Automatic;
					};
					33C005B32013430100888C8D = {
						CreatedOnToolsVersion = 9.2;
						ProvisioningStyle = Automatic;
						TestTargetID = 33C0059B2013430100888C8D;
					};
					33C005BE2013430100888C8D = {
						CreatedOnToolsVersion = 9.2;
						ProvisioningStyle = Automatic;
						TestTargetID = 33C0059B2013430100888C8D;
					};
				};
			};
			buildConfigurationList = 33C005972013430100888C8D /* Build configuration list for PBXProject "test" */;
			compatibilityVersion = "Xcode 8.0";
			developmentRegion = en;
			hasScannedForEncodings = 0;
			knownRegions = (
				en,
				Base,
			);
			mainGroup = 33C005932013430100888C8D;
			productRefGroup = 33C0059D2013430100888C8D /* Products */;
			projectDirPath = "";
			projectRoot = "";
			targets = (
				33C0059B2013430100888C8D /* test */,
				33C005B32013430100888C8D /* testTests */,
				33C005BE2013430100888C8D /* testUITests */,
			);
		};
/* End PBXProject section */

/* Begin PBXResourcesBuildPhase section */
		33C0059A2013430100888C8D /* Resources */ = {
			isa = PBXResourcesBuildPhase;
			buildActionMask = 2147483647;
			files = (
				33C005AC2013430100888C8D /* LaunchScreen.storyboard in Resources */,
				33C005A92013430100888C8D /* Assets.xcassets in Resources */,
				33C005A72013430100888C8D /* Main.storyboard in Resources */,
			);
			runOnlyForDeploymentPostprocessing = 0;
		};
		33C005B22013430100888C8D /* Resources */ = {
			isa = PBXResourcesBuildPhase;
			buildActionMask = 2147483647;
			files = (
			);
			runOnlyForDeploymentPostprocessing = 0;
		};
		33C005BD2013430100888C8D /* Resources */ = {
			isa = PBXResourcesBuildPhase;
			buildActionMask = 2147483647;
			files = (
			);
			runOnlyForDeploymentPostprocessing = 0;
		};
/* End PBXResourcesBuildPhase section */

/* Begin PBXSourcesBuildPhase section */
		33C005982013430100888C8D /* Sources */ = {
			isa = PBXSourcesBuildPhase;
			buildActionMask = 2147483647;
			files = (
				33C005A42013430100888C8D /* ViewController.m in Sources */,
				33C005AF2013430100888C8D /* main.m in Sources */,
				33C005D320134A6C00888C8D /* Name.m in Sources */,
				33C005A12013430100888C8D /* AppDelegate.m in Sources */,
			);
			runOnlyForDeploymentPostprocessing = 0;
		};
		33C005B02013430100888C8D /* Sources */ = {
			isa = PBXSourcesBuildPhase;
			buildActionMask = 2147483647;
			files = (
				33C005B92013430100888C8D /* testTests.m in Sources */,
			);
			runOnlyForDeploymentPostprocessing = 0;
		};
		33C005BB2013430100888C8D /* Sources */ = {
			isa = PBXSourcesBuildPhase;
			buildActionMask = 2147483647;
			files = (
				33C005C42013430100888C8D /* testUITests.m in Sources */,
			);
			runOnlyForDeploymentPostprocessing = 0;
		};
/* End PBXSourcesBuildPhase section */

/* Begin PBXTargetDependency section */
		33C005B62013430100888C8D /* PBXTargetDependency */ = {
			isa = PBXTargetDependency;
			target = 33C0059B2013430100888C8D /* test */;
			targetProxy = 33C005B52013430100888C8D /* PBXContainerItemProxy */;
		};
		33C005C12013430100888C8D /* PBXTargetDependency */ = {
			isa = PBXTargetDependency;
			target = 33C0059B2013430100888C8D /* test */;
			targetProxy = 33C005C02013430100888C8D /* PBXContainerItemProxy */;
		};
/* End PBXTargetDependency section */

/* Begin PBXVariantGroup section */
		33C005A52013430100888C8D /* Main.storyboard */ = {
			isa = PBXVariantGroup;
			children = (
				33C005A62013430100888C8D /* Base */,
			);
			name = Main.storyboard;
			sourceTree = "<group>";
		};
		33C005AA2013430100888C8D /* LaunchScreen.storyboard */ = {
			isa = PBXVariantGroup;
			children = (
				33C005AB2013430100888C8D /* Base */,
			);
			name = LaunchScreen.storyboard;
			sourceTree = "<group>";
		};
/* End PBXVariantGroup section */

/* Begin XCBuildConfiguration section */
		33C005C62013430100888C8D /* Debug */ = {
			isa = XCBuildConfiguration;
			buildSettings = {
				ALWAYS_SEARCH_USER_PATHS = NO;
				CLANG_ANALYZER_NONNULL = YES;
				CLANG_ANALYZER_NUMBER_OBJECT_CONVERSION = YES_AGGRESSIVE;
				CLANG_CXX_LANGUAGE_STANDARD = "gnu++14";
				CLANG_CXX_LIBRARY = "libc++";
				CLANG_ENABLE_MODULES = YES;
				CLANG_ENABLE_OBJC_ARC = YES;
				CLANG_WARN_BLOCK_CAPTURE_AUTORELEASING = YES;
				CLANG_WARN_BOOL_CONVERSION = YES;
				CLANG_WARN_COMMA = YES;
				CLANG_WARN_CONSTANT_CONVERSION = YES;
				CLANG_WARN_DIRECT_OBJC_ISA_USAGE = YES_ERROR;
				CLANG_WARN_DOCUMENTATION_COMMENTS = YES;
				CLANG_WARN_EMPTY_BODY = YES;
				CLANG_WARN_ENUM_CONVERSION = YES;
				CLANG_WARN_INFINITE_RECURSION = YES;
				CLANG_WARN_INT_CONVERSION = YES;
				CLANG_WARN_NON_LITERAL_NULL_CONVERSION = YES;
				CLANG_WARN_OBJC_LITERAL_CONVERSION = YES;
				CLANG_WARN_OBJC_ROOT_CLASS = YES_ERROR;
				CLANG_WARN_RANGE_LOOP_ANALYSIS = YES;
				CLANG_WARN_STRICT_PROTOTYPES = YES;
				CLANG_WARN_SUSPICIOUS_MOVE = YES;
				CLANG_WARN_UNGUARDED_AVAILABILITY = YES_AGGRESSIVE;
				CLANG_WARN_UNREACHABLE_CODE = YES;
				CLANG_WARN__DUPLICATE_METHOD_MATCH = YES;
				CODE_SIGN_IDENTITY = "iPhone Developer";
				COPY_PHASE_STRIP = NO;
				DEBUG_INFORMATION_FORMAT = dwarf;
				ENABLE_STRICT_OBJC_MSGSEND = YES;
				ENABLE_TESTABILITY = YES;
				GCC_C_LANGUAGE_STANDARD = gnu11;
				GCC_DYNAMIC_NO_PIC = NO;
				GCC_NO_COMMON_BLOCKS = YES;
				GCC_OPTIMIZATION_LEVEL = 0;
				GCC_PREPROCESSOR_DEFINITIONS = (
					"DEBUG=1",
					"$(inherited)",
				);
				GCC_WARN_64_TO_32_BIT_CONVERSION = YES;
				GCC_WARN_ABOUT_RETURN_TYPE = YES_ERROR;
				GCC_WARN_UNDECLARED_SELECTOR = YES;
				GCC_WARN_UNINITIALIZED_AUTOS = YES_AGGRESSIVE;
				GCC_WARN_UNUSED_FUNCTION = YES;
				GCC_WARN_UNUSED_VARIABLE = YES;
				IPHONEOS_DEPLOYMENT_TARGET = 11.2;
				MTL_ENABLE_DEBUG_INFO = YES;
				ONLY_ACTIVE_ARCH = YES;
				SDKROOT = iphoneos;
			};
			name = Debug;
		};
		33C005C72013430100888C8D /* Release */ = {
			isa = XCBuildConfiguration;
			buildSettings = {
				ALWAYS_SEARCH_USER_PATHS = NO;
				CLANG_ANALYZER_NONNULL = YES;
				CLANG_ANALYZER_NUMBER_OBJECT_CONVERSION = YES_AGGRESSIVE;
				CLANG_CXX_LANGUAGE_STANDARD = "gnu++14";
				CLANG_CXX_LIBRARY = "libc++";
				CLANG_ENABLE_MODULES = YES;
				CLANG_ENABLE_OBJC_ARC = YES;
				CLANG_WARN_BLOCK_CAPTURE_AUTORELEASING = YES;
				CLANG_WARN_BOOL_CONVERSION = YES;
				CLANG_WARN_COMMA = YES;
				CLANG_WARN_CONSTANT_CONVERSION = YES;
				CLANG_WARN_DIRECT_OBJC_ISA_USAGE = YES_ERROR;
				CLANG_WARN_DOCUMENTATION_COMMENTS = YES;
				CLANG_WARN_EMPTY_BODY = YES;
				CLANG_WARN_ENUM_CONVERSION = YES;
				CLANG_WARN_INFINITE_RECURSION = YES;
				CLANG_WARN_INT_CONVERSION = YES;
				CLANG_WARN_NON_LITERAL_NULL_CONVERSION = YES;
				CLANG_WARN_OBJC_LITERAL_CONVERSION = YES;
				CLANG_WARN_OBJC_ROOT_CLASS = YES_ERROR;
				CLANG_WARN_RANGE_LOOP_ANALYSIS = YES;
				CLANG_WARN_STRICT_PROTOTYPES = YES;
				CLANG_WARN_SUSPICIOUS_MOVE = YES;
				CLANG_WARN_UNGUARDED_AVAILABILITY = YES_AGGRESSIVE;
				CLANG_WARN_UNREACHABLE_CODE = YES;
				CLANG_WARN__DUPLICATE_METHOD_MATCH = YES;
				CODE_SIGN_IDENTITY = "iPhone Developer";
				COPY_PHASE_STRIP = NO;
				DEBUG_INFORMATION_FORMAT = "dwarf-with-dsym";
				ENABLE_NS_ASSERTIONS = NO;
				ENABLE_STRICT_OBJC_MSGSEND = YES;
				GCC_C_LANGUAGE_STANDARD = gnu11;
				GCC_NO_COMMON_BLOCKS = YES;
				GCC_WARN_64_TO_32_BIT_CONVERSION = YES;
				GCC_WARN_ABOUT_RETURN_TYPE = YES_ERROR;
				GCC_WARN_UNDECLARED_SELECTOR = YES;
				GCC_WARN_UNINITIALIZED_AUTOS = YES_AGGRESSIVE;
				GCC_WARN_UNUSED_FUNCTION = YES;
				GCC_WARN_UNUSED_VARIABLE = YES;
				IPHONEOS_DEPLOYMENT_TARGET = 11.2;
				MTL_ENABLE_DEBUG_INFO = NO;
				SDKROOT = iphoneos;
				VALIDATE_PRODUCT = YES;
			};
			name = Release;
		};
		33C005C92013430100888C8D /* Debug */ = {
			isa = XCBuildConfiguration;
			buildSettings = {
				ASSETCATALOG_COMPILER_APPICON_NAME = AppIcon;
				CLANG_ENABLE_OBJC_ARC = YES;
				CODE_SIGN_STYLE = Automatic;
				INFOPLIST_FILE = test/Info.plist;
				LD_RUNPATH_SEARCH_PATHS = "$(inherited) @executable_path/Frameworks";
				PRODUCT_BUNDLE_IDENTIFIER = cc.test;
				PRODUCT_NAME = "$(TARGET_NAME)";
				TARGETED_DEVICE_FAMILY = "1,2";
			};
			name = Debug;
		};
		33C005CA2013430100888C8D /* Release */ = {
			isa = XCBuildConfiguration;
			buildSettings = {
				ASSETCATALOG_COMPILER_APPICON_NAME = AppIcon;
				CLANG_ENABLE_OBJC_ARC = YES;
				CODE_SIGN_STYLE = Automatic;
				INFOPLIST_FILE = test/Info.plist;
				LD_RUNPATH_SEARCH_PATHS = "$(inherited) @executable_path/Frameworks";
				PRODUCT_BUNDLE_IDENTIFIER = cc.test;
				PRODUCT_NAME = "$(TARGET_NAME)";
				TARGETED_DEVICE_FAMILY = "1,2";
			};
			name = Release;
		};
		33C005CC2013430100888C8D /* Debug */ = {
			isa = XCBuildConfiguration;
			buildSettings = {
				BUNDLE_LOADER = "$(TEST_HOST)";
				CODE_SIGN_STYLE = Automatic;
				INFOPLIST_FILE = testTests/Info.plist;
				LD_RUNPATH_SEARCH_PATHS = "$(inherited) @executable_path/Frameworks @loader_path/Frameworks";
				PRODUCT_BUNDLE_IDENTIFIER = cc.testTests;
				PRODUCT_NAME = "$(TARGET_NAME)";
				TARGETED_DEVICE_FAMILY = "1,2";
				TEST_HOST = "$(BUILT_PRODUCTS_DIR)/test.app/test";
			};
			name = Debug;
		};
		33C005CD2013430100888C8D /* Release */ = {
			isa = XCBuildConfiguration;
			buildSettings = {
				BUNDLE_LOADER = "$(TEST_HOST)";
				CODE_SIGN_STYLE = Automatic;
				INFOPLIST_FILE = testTests/Info.plist;
				LD_RUNPATH_SEARCH_PATHS = "$(inherited) @executable_path/Frameworks @loader_path/Frameworks";
				PRODUCT_BUNDLE_IDENTIFIER = cc.testTests;
				PRODUCT_NAME = "$(TARGET_NAME)";
				TARGETED_DEVICE_FAMILY = "1,2";
				TEST_HOST = "$(BUILT_PRODUCTS_DIR)/test.app/test";
			};
			name = Release;
		};
		33C005CF2013430100888C8D /* Debug */ = {
			isa = XCBuildConfiguration;
			buildSettings = {
				CODE_SIGN_STYLE = Automatic;
				INFOPLIST_FILE = testUITests/Info.plist;
				LD_RUNPATH_SEARCH_PATHS = "$(inherited) @executable_path/Frameworks @loader_path/Frameworks";
				PRODUCT_BUNDLE_IDENTIFIER = cc.testUITests;
				PRODUCT_NAME = "$(TARGET_NAME)";
				TARGETED_DEVICE_FAMILY = "1,2";
				TEST_TARGET_NAME = test;
			};
			name = Debug;
		};
		33C005D02013430100888C8D /* Release */ = {
			isa = XCBuildConfiguration;
			buildSettings = {
				CODE_SIGN_STYLE = Automatic;
				INFOPLIST_FILE = testUITests/Info.plist;
				LD_RUNPATH_SEARCH_PATHS = "$(inherited) @executable_path/Frameworks @loader_path/Frameworks";
				PRODUCT_BUNDLE_IDENTIFIER = cc.testUITests;
				PRODUCT_NAME = "$(TARGET_NAME)";
				TARGETED_DEVICE_FAMILY = "1,2";
				TEST_TARGET_NAME = test;
			};
			name = Release;
		};
/* End XCBuildConfiguration section */

/* Begin XCConfigurationList section */
		33C005972013430100888C8D /* Build configuration list for PBXProject "test" */ = {
			isa = XCConfigurationList;
			buildConfigurations = (
				33C005C62013430100888C8D /* Debug */,
				33C005C72013430100888C8D /* Release */,
			);
			defaultConfigurationIsVisible = 0;
			defaultConfigurationName = Release;
		};
		33C005C82013430100888C8D /* Build configuration list for PBXNativeTarget "test" */ = {
			isa = XCConfigurationList;
			buildConfigurations = (
				33C005C92013430100888C8D /* Debug */,
				33C005CA2013430100888C8D /* Release */,
			);
			defaultConfigurationIsVisible = 0;
			defaultConfigurationName = Release;
		};
		33C005CB2013430100888C8D /* Build configuration list for PBXNativeTarget "testTests" */ = {
			isa = XCConfigurationList;
			buildConfigurations = (
				33C005CC2013430100888C8D /* Debug */,
				33C005CD2013430100888C8D /* Release */,
			);
			defaultConfigurationIsVisible = 0;
			defaultConfigurationName = Release;
		};
		33C005CE2013430100888C8D /* Build configuration list for PBXNativeTarget "testUITests" */ = {
			isa = XCConfigurationList;
			buildConfigurations = (
				33C005CF2013430100888C8D /* Debug */,
				33C005D02013430100888C8D /* Release */,
			);
			defaultConfigurationIsVisible = 0;
			defaultConfigurationName = Release;
		};
/* End XCConfigurationList section */
	};
	rootObject = 33C005942013430100888C8D /* Project object */;
}
